// !$*UTF8*$!
{
	archiveVersion = 1;
	classes = {
	};
	objectVersion = 56;
	objects = {

/* Begin PBXBuildFile section */
		740CE7DE2C94334D00767E5A /* PersonsListSectionTableViewController.swift in Sources */ = {isa = PBXBuildFile; fileRef = 740CE7DD2C94334D00767E5A /* PersonsListSectionTableViewController.swift */; };
		740CE7E02C94352D00767E5A /* PersonInfo.swift in Sources */ = {isa = PBXBuildFile; fileRef = 740CE7DF2C94352D00767E5A /* PersonInfo.swift */; };
		74D0689B2C92CC12000B0EAC /* AppDelegate.swift in Sources */ = {isa = PBXBuildFile; fileRef = 74D0689A2C92CC12000B0EAC /* AppDelegate.swift */; };
		74D0689D2C92CC12000B0EAC /* SceneDelegate.swift in Sources */ = {isa = PBXBuildFile; fileRef = 74D0689C2C92CC12000B0EAC /* SceneDelegate.swift */; };
		74D068A22C92CC12000B0EAC /* Main.storyboard in Resources */ = {isa = PBXBuildFile; fileRef = 74D068A02C92CC12000B0EAC /* Main.storyboard */; };
		74D068A42C92CC13000B0EAC /* Assets.xcassets in Resources */ = {isa = PBXBuildFile; fileRef = 74D068A32C92CC13000B0EAC /* Assets.xcassets */; };
		74D068A72C92CC13000B0EAC /* LaunchScreen.storyboard in Resources */ = {isa = PBXBuildFile; fileRef = 74D068A52C92CC13000B0EAC /* LaunchScreen.storyboard */; };
		74D068AF2C92D767000B0EAC /* PersonsListTableViewController.swift in Sources */ = {isa = PBXBuildFile; fileRef = 74D068AE2C92D767000B0EAC /* PersonsListTableViewController.swift */; };
		74D068B12C92D95E000B0EAC /* DetailsViewController.swift in Sources */ = {isa = PBXBuildFile; fileRef = 74D068B02C92D95E000B0EAC /* DetailsViewController.swift */; };
		74D068B32C92DAA9000B0EAC /* Person.swift in Sources */ = {isa = PBXBuildFile; fileRef = 74D068B22C92DAA9000B0EAC /* Person.swift */; };
/* End PBXBuildFile section */

/* Begin PBXFileReference section */
		740CE7DD2C94334D00767E5A /* PersonsListSectionTableViewController.swift */ = {isa = PBXFileReference; lastKnownFileType = sourcecode.swift; path = PersonsListSectionTableViewController.swift; sourceTree = "<group>"; };
		740CE7DF2C94352D00767E5A /* PersonInfo.swift */ = {isa = PBXFileReference; lastKnownFileType = sourcecode.swift; path = PersonInfo.swift; sourceTree = "<group>"; };
		74D068972C92CC12000B0EAC /* ManzhosovAV_HW 2.6.1.app */ = {isa = PBXFileReference; explicitFileType = wrapper.application; includeInIndex = 0; path = "ManzhosovAV_HW 2.6.1.app"; sourceTree = BUILT_PRODUCTS_DIR; };
		74D0689A2C92CC12000B0EAC /* AppDelegate.swift */ = {isa = PBXFileReference; lastKnownFileType = sourcecode.swift; path = AppDelegate.swift; sourceTree = "<group>"; };
		74D0689C2C92CC12000B0EAC /* SceneDelegate.swift */ = {isa = PBXFileReference; lastKnownFileType = sourcecode.swift; path = SceneDelegate.swift; sourceTree = "<group>"; };
		74D068A12C92CC12000B0EAC /* Base */ = {isa = PBXFileReference; lastKnownFileType = file.storyboard; name = Base; path = Base.lproj/Main.storyboard; sourceTree = "<group>"; };
		74D068A32C92CC13000B0EAC /* Assets.xcassets */ = {isa = PBXFileReference; lastKnownFileType = folder.assetcatalog; path = Assets.xcassets; sourceTree = "<group>"; };
		74D068A62C92CC13000B0EAC /* Base */ = {isa = PBXFileReference; lastKnownFileType = file.storyboard; name = Base; path = Base.lproj/LaunchScreen.storyboard; sourceTree = "<group>"; };
		74D068A82C92CC13000B0EAC /* Info.plist */ = {isa = PBXFileReference; lastKnownFileType = text.plist.xml; path = Info.plist; sourceTree = "<group>"; };
		74D068AE2C92D767000B0EAC /* PersonsListTableViewController.swift */ = {isa = PBXFileReference; lastKnownFileType = sourcecode.swift; path = PersonsListTableViewController.swift; sourceTree = "<group>"; };
		74D068B02C92D95E000B0EAC /* DetailsViewController.swift */ = {isa = PBXFileReference; lastKnownFileType = sourcecode.swift; path = DetailsViewController.swift; sourceTree = "<group>"; };
		74D068B22C92DAA9000B0EAC /* Person.swift */ = {isa = PBXFileReference; lastKnownFileType = sourcecode.swift; path = Person.swift; sourceTree = "<group>"; };
/* End PBXFileReference section */

/* Begin PBXFrameworksBuildPhase section */
		74D068942C92CC11000B0EAC /* Frameworks */ = {
			isa = PBXFrameworksBuildPhase;
			buildActionMask = 2147483647;
			files = (
			);
			runOnlyForDeploymentPostprocessing = 0;
		};
/* End PBXFrameworksBuildPhase section */

/* Begin PBXGroup section */
		74D0688E2C92CC11000B0EAC = {
			isa = PBXGroup;
			children = (
				74D068992C92CC12000B0EAC /* ManzhosovAV_HW 2.6.1 */,
				74D068982C92CC12000B0EAC /* Products */,
			);
			sourceTree = "<group>";
		};
		74D068982C92CC12000B0EAC /* Products */ = {
			isa = PBXGroup;
			children = (
				74D068972C92CC12000B0EAC /* ManzhosovAV_HW 2.6.1.app */,
			);
			name = Products;
			sourceTree = "<group>";
		};
		74D068992C92CC12000B0EAC /* ManzhosovAV_HW 2.6.1 */ = {
			isa = PBXGroup;
			children = (
				74D068B42C92DAF0000B0EAC /* Model */,
				74D068B52C92DB22000B0EAC /* View */,
				74D068B62C92DB53000B0EAC /* Controller */,
				74D068B82C92DB9E000B0EAC /* SupportingFile */,
				74D068B72C92DB81000B0EAC /* Resources */,
				74D068A82C92CC13000B0EAC /* Info.plist */,
			);
			path = "ManzhosovAV_HW 2.6.1";
			sourceTree = "<group>";
		};
		74D068B42C92DAF0000B0EAC /* Model */ = {
			isa = PBXGroup;
			children = (
				74D068B22C92DAA9000B0EAC /* Person.swift */,
				740CE7DF2C94352D00767E5A /* PersonInfo.swift */,
			);
			path = Model;
			sourceTree = "<group>";
		};
		74D068B52C92DB22000B0EAC /* View */ = {
			isa = PBXGroup;
			children = (
				74D068A02C92CC12000B0EAC /* Main.storyboard */,
				74D068A52C92CC13000B0EAC /* LaunchScreen.storyboard */,
			);
			path = View;
			sourceTree = "<group>";
		};
		74D068B62C92DB53000B0EAC /* Controller */ = {
			isa = PBXGroup;
			children = (
				74D068AE2C92D767000B0EAC /* PersonsListTableViewController.swift */,
				74D068B02C92D95E000B0EAC /* DetailsViewController.swift */,
				740CE7DD2C94334D00767E5A /* PersonsListSectionTableViewController.swift */,
			);
			path = Controller;
			sourceTree = "<group>";
		};
		74D068B72C92DB81000B0EAC /* Resources */ = {
			isa = PBXGroup;
			children = (
				74D068A32C92CC13000B0EAC /* Assets.xcassets */,
			);
			path = Resources;
			sourceTree = "<group>";
		};
		74D068B82C92DB9E000B0EAC /* SupportingFile */ = {
			isa = PBXGroup;
			children = (
				74D0689A2C92CC12000B0EAC /* AppDelegate.swift */,
				74D0689C2C92CC12000B0EAC /* SceneDelegate.swift */,
			);
			path = SupportingFile;
			sourceTree = "<group>";
		};
/* End PBXGroup section */

/* Begin PBXNativeTarget section */
		74D068962C92CC11000B0EAC /* ManzhosovAV_HW 2.6.1 */ = {
			isa = PBXNativeTarget;
			buildConfigurationList = 74D068AB2C92CC13000B0EAC /* Build configuration list for PBXNativeTarget "ManzhosovAV_HW 2.6.1" */;
			buildPhases = (
				74D068932C92CC11000B0EAC /* Sources */,
				74D068942C92CC11000B0EAC /* Frameworks */,
				74D068952C92CC11000B0EAC /* Resources */,
			);
			buildRules = (
			);
			dependencies = (
			);
			name = "ManzhosovAV_HW 2.6.1";
			productName = "ManzhosovAV_HW 2.6.1";
			productReference = 74D068972C92CC12000B0EAC /* ManzhosovAV_HW 2.6.1.app */;
			productType = "com.apple.product-type.application";
		};
/* End PBXNativeTarget section */

/* Begin PBXProject section */
		74D0688F2C92CC11000B0EAC /* Project object */ = {
			isa = PBXProject;
			attributes = {
				BuildIndependentTargetsInParallel = 1;
				LastSwiftUpdateCheck = 1420;
				LastUpgradeCheck = 1420;
				TargetAttributes = {
					74D068962C92CC11000B0EAC = {
						CreatedOnToolsVersion = 14.2;
					};
				};
			};
			buildConfigurationList = 74D068922C92CC11000B0EAC /* Build configuration list for PBXProject "ManzhosovAV_HW 2.6.1" */;
			compatibilityVersion = "Xcode 14.0";
			developmentRegion = en;
			hasScannedForEncodings = 0;
			knownRegions = (
				en,
				Base,
			);
			mainGroup = 74D0688E2C92CC11000B0EAC;
			productRefGroup = 74D068982C92CC12000B0EAC /* Products */;
			projectDirPath = "";
			projectRoot = "";
			targets = (
				74D068962C92CC11000B0EAC /* ManzhosovAV_HW 2.6.1 */,
			);
		};
/* End PBXProject section */

/* Begin PBXResourcesBuildPhase section */
		74D068952C92CC11000B0EAC /* Resources */ = {
			isa = PBXResourcesBuildPhase;
			buildActionMask = 2147483647;
			files = (
				74D068A72C92CC13000B0EAC /* LaunchScreen.storyboard in Resources */,
				74D068A42C92CC13000B0EAC /* Assets.xcassets in Resources */,
				74D068A22C92CC12000B0EAC /* Main.storyboard in Resources */,
			);
			runOnlyForDeploymentPostprocessing = 0;
		};
/* End PBXResourcesBuildPhase section */

/* Begin PBXSourcesBuildPhase section */
		74D068932C92CC11000B0EAC /* Sources */ = {
			isa = PBXSourcesBuildPhase;
			buildActionMask = 2147483647;
			files = (
				74D068B32C92DAA9000B0EAC /* Person.swift in Sources */,
				740CE7E02C94352D00767E5A /* PersonInfo.swift in Sources */,
				74D0689B2C92CC12000B0EAC /* AppDelegate.swift in Sources */,
				740CE7DE2C94334D00767E5A /* PersonsListSectionTableViewController.swift in Sources */,
				74D068AF2C92D767000B0EAC /* PersonsListTableViewController.swift in Sources */,
				74D0689D2C92CC12000B0EAC /* SceneDelegate.swift in Sources */,
				74D068B12C92D95E000B0EAC /* DetailsViewController.swift in Sources */,
			);
			runOnlyForDeploymentPostprocessing = 0;
		};
/* End PBXSourcesBuildPhase section */

/* Begin PBXVariantGroup section */
		74D068A02C92CC12000B0EAC /* Main.storyboard */ = {
			isa = PBXVariantGroup;
			children = (
				74D068A12C92CC12000B0EAC /* Base */,
			);
			name = Main.storyboard;
			sourceTree = "<group>";
		};
		74D068A52C92CC13000B0EAC /* LaunchScreen.storyboard */ = {
			isa = PBXVariantGroup;
			children = (
				74D068A62C92CC13000B0EAC /* Base */,
			);
			name = LaunchScreen.storyboard;
			sourceTree = "<group>";
		};
/* End PBXVariantGroup section */

/* Begin XCBuildConfiguration section */
		74D068A92C92CC13000B0EAC /* Debug */ = {
			isa = XCBuildConfiguration;
			buildSettings = {
				ALWAYS_SEARCH_USER_PATHS = NO;
				CLANG_ANALYZER_NONNULL = YES;
				CLANG_ANALYZER_NUMBER_OBJECT_CONVERSION = YES_AGGRESSIVE;
				CLANG_CXX_LANGUAGE_STANDARD = "gnu++20";
				CLANG_ENABLE_MODULES = YES;
				CLANG_ENABLE_OBJC_ARC = YES;
				CLANG_ENABLE_OBJC_WEAK = YES;
				CLANG_WARN_BLOCK_CAPTURE_AUTORELEASING = YES;
				CLANG_WARN_BOOL_CONVERSION = YES;
				CLANG_WARN_COMMA = YES;
				CLANG_WARN_CONSTANT_CONVERSION = YES;
				CLANG_WARN_DEPRECATED_OBJC_IMPLEMENTATIONS = YES;
				CLANG_WARN_DIRECT_OBJC_ISA_USAGE = YES_ERROR;
				CLANG_WARN_DOCUMENTATION_COMMENTS = YES;
				CLANG_WARN_EMPTY_BODY = YES;
				CLANG_WARN_ENUM_CONVERSION = YES;
				CLANG_WARN_INFINITE_RECURSION = YES;
				CLANG_WARN_INT_CONVERSION = YES;
				CLANG_WARN_NON_LITERAL_NULL_CONVERSION = YES;
				CLANG_WARN_OBJC_IMPLICIT_RETAIN_SELF = YES;
				CLANG_WARN_OBJC_LITERAL_CONVERSION = YES;
				CLANG_WARN_OBJC_ROOT_CLASS = YES_ERROR;
				CLANG_WARN_QUOTED_INCLUDE_IN_FRAMEWORK_HEADER = YES;
				CLANG_WARN_RANGE_LOOP_ANALYSIS = YES;
				CLANG_WARN_STRICT_PROTOTYPES = YES;
				CLANG_WARN_SUSPICIOUS_MOVE = YES;
				CLANG_WARN_UNGUARDED_AVAILABILITY = YES_AGGRESSIVE;
				CLANG_WARN_UNREACHABLE_CODE = YES;
				CLANG_WARN__DUPLICATE_METHOD_MATCH = YES;
				COPY_PHASE_STRIP = NO;
				DEBUG_INFORMATION_FORMAT = dwarf;
				ENABLE_STRICT_OBJC_MSGSEND = YES;
				ENABLE_TESTABILITY = YES;
				GCC_C_LANGUAGE_STANDARD = gnu11;
				GCC_DYNAMIC_NO_PIC = NO;
				GCC_NO_COMMON_BLOCKS = YES;
				GCC_OPTIMIZATION_LEVEL = 0;
				GCC_PREPROCESSOR_DEFINITIONS = (
					"DEBUG=1",
					"$(inherited)",
				);
				GCC_WARN_64_TO_32_BIT_CONVERSION = YES;
				GCC_WARN_ABOUT_RETURN_TYPE = YES_ERROR;
				GCC_WARN_UNDECLARED_SELECTOR = YES;
				GCC_WARN_UNINITIALIZED_AUTOS = YES_AGGRESSIVE;
				GCC_WARN_UNUSED_FUNCTION = YES;
				GCC_WARN_UNUSED_VARIABLE = YES;
				IPHONEOS_DEPLOYMENT_TARGET = 16.2;
				MTL_ENABLE_DEBUG_INFO = INCLUDE_SOURCE;
				MTL_FAST_MATH = YES;
				ONLY_ACTIVE_ARCH = YES;
				SDKROOT = iphoneos;
				SWIFT_ACTIVE_COMPILATION_CONDITIONS = DEBUG;
				SWIFT_OPTIMIZATION_LEVEL = "-Onone";
			};
			name = Debug;
		};
		74D068AA2C92CC13000B0EAC /* Release */ = {
			isa = XCBuildConfiguration;
			buildSettings = {
				ALWAYS_SEARCH_USER_PATHS = NO;
				CLANG_ANALYZER_NONNULL = YES;
				CLANG_ANALYZER_NUMBER_OBJECT_CONVERSION = YES_AGGRESSIVE;
				CLANG_CXX_LANGUAGE_STANDARD = "gnu++20";
				CLANG_ENABLE_MODULES = YES;
				CLANG_ENABLE_OBJC_ARC = YES;
				CLANG_ENABLE_OBJC_WEAK = YES;
				CLANG_WARN_BLOCK_CAPTURE_AUTORELEASING = YES;
				CLANG_WARN_BOOL_CONVERSION = YES;
				CLANG_WARN_COMMA = YES;
				CLANG_WARN_CONSTANT_CONVERSION = YES;
				CLANG_WARN_DEPRECATED_OBJC_IMPLEMENTATIONS = YES;
				CLANG_WARN_DIRECT_OBJC_ISA_USAGE = YES_ERROR;
				CLANG_WARN_DOCUMENTATION_COMMENTS = YES;
				CLANG_WARN_EMPTY_BODY = YES;
				CLANG_WARN_ENUM_CONVERSION = YES;
				CLANG_WARN_INFINITE_RECURSION = YES;
				CLANG_WARN_INT_CONVERSION = YES;
				CLANG_WARN_NON_LITERAL_NULL_CONVERSION = YES;
				CLANG_WARN_OBJC_IMPLICIT_RETAIN_SELF = YES;
				CLANG_WARN_OBJC_LITERAL_CONVERSION = YES;
				CLANG_WARN_OBJC_ROOT_CLASS = YES_ERROR;
				CLANG_WARN_QUOTED_INCLUDE_IN_FRAMEWORK_HEADER = YES;
				CLANG_WARN_RANGE_LOOP_ANALYSIS = YES;
				CLANG_WARN_STRICT_PROTOTYPES = YES;
				CLANG_WARN_SUSPICIOUS_MOVE = YES;
				CLANG_WARN_UNGUARDED_AVAILABILITY = YES_AGGRESSIVE;
				CLANG_WARN_UNREACHABLE_CODE = YES;
				CLANG_WARN__DUPLICATE_METHOD_MATCH = YES;
				COPY_PHASE_STRIP = NO;
				DEBUG_INFORMATION_FORMAT = "dwarf-with-dsym";
				ENABLE_NS_ASSERTIONS = NO;
				ENABLE_STRICT_OBJC_MSGSEND = YES;
				GCC_C_LANGUAGE_STANDARD = gnu11;
				GCC_NO_COMMON_BLOCKS = YES;
				GCC_WARN_64_TO_32_BIT_CONVERSION = YES;
				GCC_WARN_ABOUT_RETURN_TYPE = YES_ERROR;
				GCC_WARN_UNDECLARED_SELECTOR = YES;
				GCC_WARN_UNINITIALIZED_AUTOS = YES_AGGRESSIVE;
				GCC_WARN_UNUSED_FUNCTION = YES;
				GCC_WARN_UNUSED_VARIABLE = YES;
				IPHONEOS_DEPLOYMENT_TARGET = 16.2;
				MTL_ENABLE_DEBUG_INFO = NO;
				MTL_FAST_MATH = YES;
				SDKROOT = iphoneos;
				SWIFT_COMPILATION_MODE = wholemodule;
				SWIFT_OPTIMIZATION_LEVEL = "-O";
				VALIDATE_PRODUCT = YES;
			};
			name = Release;
		};
		74D068AC2C92CC13000B0EAC /* Debug */ = {
			isa = XCBuildConfiguration;
			buildSettings = {
				ASSETCATALOG_COMPILER_APPICON_NAME = AppIcon;
				ASSETCATALOG_COMPILER_GLOBAL_ACCENT_COLOR_NAME = AccentColor;
				CODE_SIGN_STYLE = Automatic;
				CURRENT_PROJECT_VERSION = 1;
				DEVELOPMENT_TEAM = 7T366N6QTR;
				GENERATE_INFOPLIST_FILE = YES;
				INFOPLIST_FILE = "ManzhosovAV_HW 2.6.1/Info.plist";
				INFOPLIST_KEY_UIApplicationSupportsIndirectInputEvents = YES;
				INFOPLIST_KEY_UILaunchStoryboardName = LaunchScreen;
				INFOPLIST_KEY_UIMainStoryboardFile = Main;
				INFOPLIST_KEY_UISupportedInterfaceOrientations_iPad = "UIInterfaceOrientationPortrait UIInterfaceOrientationPortraitUpsideDown UIInterfaceOrientationLandscapeLeft UIInterfaceOrientationLandscapeRight";
				INFOPLIST_KEY_UISupportedInterfaceOrientations_iPhone = "UIInterfaceOrientationPortrait UIInterfaceOrientationLandscapeLeft UIInterfaceOrientationLandscapeRight";
				LD_RUNPATH_SEARCH_PATHS = (
					"$(inherited)",
					"@executable_path/Frameworks",
				);
				MARKETING_VERSION = 1.0;
				PRODUCT_BUNDLE_IDENTIFIER = "com.alexandrManzhosov.ManzhosovAV-HW-2-6-1";
				PRODUCT_NAME = "$(TARGET_NAME)";
				SWIFT_EMIT_LOC_STRINGS = YES;
				SWIFT_VERSION = 5.0;
				TARGETED_DEVICE_FAMILY = "1,2";
			};
			name = Debug;
		};
		74D068AD2C92CC13000B0EAC /* Release */ = {
			isa = XCBuildConfiguration;
			buildSettings = {
				ASSETCATALOG_COMPILER_APPICON_NAME = AppIcon;
				ASSETCATALOG_COMPILER_GLOBAL_ACCENT_COLOR_NAME = AccentColor;
				CODE_SIGN_STYLE = Automatic;
				CURRENT_PROJECT_VERSION = 1;
				DEVELOPMENT_TEAM = 7T366N6QTR;
				GENERATE_INFOPLIST_FILE = YES;
				INFOPLIST_FILE = "ManzhosovAV_HW 2.6.1/Info.plist";
				INFOPLIST_KEY_UIApplicationSupportsIndirectInputEvents = YES;
				INFOPLIST_KEY_UILaunchStoryboardName = LaunchScreen;
				INFOPLIST_KEY_UIMainStoryboardFile = Main;
				INFOPLIST_KEY_UISupportedInterfaceOrientations_iPad = "UIInterfaceOrientationPortrait UIInterfaceOrientationPortraitUpsideDown UIInterfaceOrientationLandscapeLeft UIInterfaceOrientationLandscapeRight";
				INFOPLIST_KEY_UISupportedInterfaceOrientations_iPhone = "UIInterfaceOrientationPortrait UIInterfaceOrientationLandscapeLeft UIInterfaceOrientationLandscapeRight";
				LD_RUNPATH_SEARCH_PATHS = (
					"$(inherited)",
					"@executable_path/Frameworks",
				);
				MARKETING_VERSION = 1.0;
				PRODUCT_BUNDLE_IDENTIFIER = "com.alexandrManzhosov.ManzhosovAV-HW-2-6-1";
				PRODUCT_NAME = "$(TARGET_NAME)";
				SWIFT_EMIT_LOC_STRINGS = YES;
				SWIFT_VERSION = 5.0;
				TARGETED_DEVICE_FAMILY = "1,2";
			};
			name = Release;
		};
/* End XCBuildConfiguration section */

/* Begin XCConfigurationList section */
		74D068922C92CC11000B0EAC /* Build configuration list for PBXProject "ManzhosovAV_HW 2.6.1" */ = {
			isa = XCConfigurationList;
			buildConfigurations = (
				74D068A92C92CC13000B0EAC /* Debug */,
				74D068AA2C92CC13000B0EAC /* Release */,
			);
			defaultConfigurationIsVisible = 0;
			defaultConfigurationName = Release;
		};
		74D068AB2C92CC13000B0EAC /* Build configuration list for PBXNativeTarget "ManzhosovAV_HW 2.6.1" */ = {
			isa = XCConfigurationList;
			buildConfigurations = (
				74D068AC2C92CC13000B0EAC /* Debug */,
				74D068AD2C92CC13000B0EAC /* Release */,
			);
			defaultConfigurationIsVisible = 0;
			defaultConfigurationName = Release;
		};
/* End XCConfigurationList section */
	};
	rootObject = 74D0688F2C92CC11000B0EAC /* Project object */;
}
